version: 1.2.2
dependencies:
  - name: airflow
    repository: https://airflow.apache.org
    version: 1.18.0
  - name: cert-manager
    repository: https://charts.jetstack.io
    version: v1.21.1
  - name: keda
    repository: https://kedacore.github.io/charts
    version: 2.16.0
  - name: kube-prometheus-stack
    repository: https://prometheus-community.github.io/helm-charts
    version: 80.6.0
  - name: lakekeeper
    repository: https://lakekeeper.github.io/lakekeeper-charts/
    version: 0.12.0
  - name: spark-operator
    repository: https://kubeflow.github.io/spark-operator
    version: 2.4.0
  - name: tailscale-operator
    repository: https://pkgs.tailscale.com/helmcharts
    version: 1.102.4
digest: sha256:bc593fec472e836b64718ffefae3d666f41d838b33337d5a4741be5c82d0082d
generated: "2026-10-08T19:11:29.038091983Z"
