version: 1.2.2
dependencies:
  - name: airflow
    repository: https://airflow.apache.org
    version: 1.18.0
  - name: cert-manager
    repository: https://charts.jetstack.io
    version: v1.16.3
  - name: ingress-nginx
    repository: https://kubernetes.github.io/ingress-nginx
    version: 4.11.2
  - name: keda
    repository: https://kedacore.github.io/charts
    version: 2.16.0
  - name: kube-prometheus-stack
    repository: https://prometheus-community.github.io/helm-charts
    version: 80.6.0
  - name: spark-operator
    repository: https://kubeflow.github.io/spark-operator
    version: 2.4.0
digest: sha256:0a3e331c5af27c8f509cb744432a0068157a8523b998f7af8c50606fd3ec52f0
generated: "2026-05-05T16:08:41.648459177Z"
